
Microsoft Visual Studio Solution File, Format Version 12.00
# Visual Studio Version 17
VisualStudioVersion = 17.14.37411.7 d17.14
MinimumVisualStudioVersion = 10.0.40219.1
Project("{FAE04EC0-301F-11D3-BF4B-00C04F79EFBC}") = "Pxoqxo.UnitTest", "Pxoqxo.UnitTest\Pxoqxo.UnitTest.csproj", "{DDA0A89F-80BC-4E21-8B38-6FABDEB4D0F1}"
EndProject
Global
	GlobalSection(SolutionConfigurationPlatforms) = preSolution
		Debug|Any CPU = Debug|Any CPU
		Release|Any CPU = Release|Any CPU
	EndGlobalSection
	GlobalSection(ProjectConfigurationPlatforms) = postSolution
		{DDA0A89F-80BC-4E21-8B38-6FABDEB4D0F1}.Debug|Any CPU.ActiveCfg = Debug|Any CPU
		{DDA0A89F-80BC-4E21-8B38-6FABDEB4D0F1}.Debug|Any CPU.Build.0 = Debug|Any CPU
		{DDA0A89F-80BC-4E21-8B38-6FABDEB4D0F1}.Release|Any CPU.ActiveCfg = Release|Any CPU
		{DDA0A89F-80BC-4E21-8B38-6FABDEB4D0F1}.Release|Any CPU.Build.0 = Release|Any CPU
	EndGlobalSection
	GlobalSection(SolutionProperties) = preSolution
		HideSolutionNode = FALSE
	EndGlobalSection
	GlobalSection(ExtensibilityGlobals) = postSolution
		SolutionGuid = {86C1214C-3928-4E6C-BA8F-5FFDC0C93025}
	EndGlobalSection
EndGlobal
